<?xml version="1.0" encoding="utf-8"?>
<Project ToolsVersion="4.0" xmlns="http://schemas.microsoft.com/developer/msbuild/2003">
  <ItemGroup>
    <Filter Include="Arquivos de Origem">
      <UniqueIdentifier>{4FC737F1-C7A5-4376-A066-2A32D752A2FF}</UniqueIdentifier>
      <Extensions>cpp;c;cc;cxx;c++;cppm;ixx;def;odl;idl;hpj;bat;asm;asmx</Extensions>
    </Filter>
    <Filter Include="Arquivos de Cabeçalho">
      <UniqueIdentifier>{93995380-89BD-4b04-88EB-625FBE52EBFB}</UniqueIdentifier>
      <Extensions>h;hh;hpp;hxx;h++;hm;inl;inc;ipp;xsd</Extensions>
    </Filter>
    <Filter Include="Arquivos de Recurso">
      <UniqueIdentifier>{67DA6AB6-F800-4c08-8B7A-83BB121AAD01}</UniqueIdentifier>
      <Extensions>rc;ico;cur;bmp;dlg;rc2;rct;bin;rgs;gif;jpg;jpeg;jpe;resx;tiff;tif;png;wav;mfcribbon-ms</Extensions>
    </Filter>
    <Filter Include="Arquivos de Origem\Q2">
      <UniqueIdentifier>{d991d7ce-fe89-4612-b0f0-dfea83abfab2}</UniqueIdentifier>
    </Filter>
    <Filter Include="Arquivos de Origem\Q1">
      <UniqueIdentifier>{c1eea30b-dd49-4db1-8d5a-0aac005d5bf4}</UniqueIdentifier>
    </Filter>
    <Filter Include="Arquivos de Origem\Q3">
      <UniqueIdentifier>{4873e306-bdf1-49f8-b45b-35a63e7af5c8}</UniqueIdentifier>
    </Filter>
    <Filter Include="Arquivos de Origem\Q4">
      <UniqueIdentifier>{edb2a1fa-5f71-4a48-8742-18080d193dd9}</UniqueIdentifier>
    </Filter>
  </ItemGroup>
  <ItemGroup>
    <ClCompile Include="Q1.c">
      <Filter>Arquivos de Origem\Q1</Filter>
    </ClCompile>
    <ClCompile Include="Q2.c">
      <Filter>Arquivos de Origem\Q2</Filter>
    </ClCompile>
    <ClCompile Include="Q3.c">
      <Filter>Arquivos de Origem\Q3</Filter>
    </ClCompile>
    <ClCompile Include="Q4.c">
      <Filter>Arquivos de Origem\Q4</Filter>
    </ClCompile>
  </ItemGroup>
</Project>